
Microsoft Visual Studio Solution File, Format Version 12.00
# Visual Studio Version 16
VisualStudioVersion = 16.0.31624.102
MinimumVisualStudioVersion = 10.0.40219.1
Project("{FAE04EC0-301F-11D3-BF4B-00C04F79EFBC}") = "MyAngularWebAPI", "MyAngularWebAPI\MyAngularWebAPI.csproj", "{D8ADF0C8-16D8-4B08-A355-008DBEAEAA16}"
EndProject
Global
	GlobalSection(SolutionConfigurationPlatforms) = preSolution
		Debug|Any CPU = Debug|Any CPU
		Release|Any CPU = Release|Any CPU
	EndGlobalSection
	GlobalSection(ProjectConfigurationPlatforms) = postSolution
		{D8ADF0C8-16D8-4B08-A355-008DBEAEAA16}.Debug|Any CPU.ActiveCfg = Debug|Any CPU
		{D8ADF0C8-16D8-4B08-A355-008DBEAEAA16}.Debug|Any CPU.Build.0 = Debug|Any CPU
		{D8ADF0C8-16D8-4B08-A355-008DBEAEAA16}.Release|Any CPU.ActiveCfg = Release|Any CPU
		{D8ADF0C8-16D8-4B08-A355-008DBEAEAA16}.Release|Any CPU.Build.0 = Release|Any CPU
	EndGlobalSection
	GlobalSection(SolutionProperties) = preSolution
		HideSolutionNode = FALSE
	EndGlobalSection
	GlobalSection(ExtensibilityGlobals) = postSolution
		SolutionGuid = {57EACC53-0BA1-4677-8C20-669BEF3EC314}
	EndGlobalSection
EndGlobal
